
Microsoft Visual Studio Solution File, Format Version 12.00
# Visual Studio Version 16
VisualStudioVersion = 16.0.31702.278
MinimumVisualStudioVersion = 10.0.40219.1
Project("{FAE04EC0-301F-11D3-BF4B-00C04F79EFBC}") = "Final Project", "Final Project\Final Project.csproj", "{357E212D-4594-4A82-B422-EDF0039D1125}"
EndProject
Project("{FAE04EC0-301F-11D3-BF4B-00C04F79EFBC}") = "BUS", "BUS\BUS.csproj", "{68F507F0-F96C-4C1A-B38C-CF5050FABA9F}"
EndProject
Project("{FAE04EC0-301F-11D3-BF4B-00C04F79EFBC}") = "DAL", "DAL\DAL.csproj", "{3F925460-4656-41ED-8C64-C9A1115D51C9}"
EndProject
Project("{FAE04EC0-301F-11D3-BF4B-00C04F79EFBC}") = "DTO", "DTO\DTO.csproj", "{3B5FD010-90C8-49FB-96F9-7C161696AA78}"
EndProject
Project("{FAE04EC0-301F-11D3-BF4B-00C04F79EFBC}") = "WebApplication1", "WebApplication1\WebApplication1.csproj", "{52E09107-5BEC-4DAF-AF99-9360FEF307D9}"
EndProject
Global
	GlobalSection(SolutionConfigurationPlatforms) = preSolution
		Debug|Any CPU = Debug|Any CPU
		Release|Any CPU = Release|Any CPU
	EndGlobalSection
	GlobalSection(ProjectConfigurationPlatforms) = postSolution
		{357E212D-4594-4A82-B422-EDF0039D1125}.Debug|Any CPU.ActiveCfg = Debug|Any CPU
		{357E212D-4594-4A82-B422-EDF0039D1125}.Debug|Any CPU.Build.0 = Debug|Any CPU
		{357E212D-4594-4A82-B422-EDF0039D1125}.Release|Any CPU.ActiveCfg = Release|Any CPU
		{357E212D-4594-4A82-B422-EDF0039D1125}.Release|Any CPU.Build.0 = Release|Any CPU
		{68F507F0-F96C-4C1A-B38C-CF5050FABA9F}.Debug|Any CPU.ActiveCfg = Debug|Any CPU
		{68F507F0-F96C-4C1A-B38C-CF5050FABA9F}.Debug|Any CPU.Build.0 = Debug|Any CPU
		{68F507F0-F96C-4C1A-B38C-CF5050FABA9F}.Release|Any CPU.ActiveCfg = Release|Any CPU
		{68F507F0-F96C-4C1A-B38C-CF5050FABA9F}.Release|Any CPU.Build.0 = Release|Any CPU
		{3F925460-4656-41ED-8C64-C9A1115D51C9}.Debug|Any CPU.ActiveCfg = Debug|Any CPU
		{3F925460-4656-41ED-8C64-C9A1115D51C9}.Debug|Any CPU.Build.0 = Debug|Any CPU
		{3F925460-4656-41ED-8C64-C9A1115D51C9}.Release|Any CPU.ActiveCfg = Release|Any CPU
		{3F925460-4656-41ED-8C64-C9A1115D51C9}.Release|Any CPU.Build.0 = Release|Any CPU
		{3B5FD010-90C8-49FB-96F9-7C161696AA78}.Debug|Any CPU.ActiveCfg = Debug|Any CPU
		{3B5FD010-90C8-49FB-96F9-7C161696AA78}.Debug|Any CPU.Build.0 = Debug|Any CPU
		{3B5FD010-90C8-49FB-96F9-7C161696AA78}.Release|Any CPU.ActiveCfg = Release|Any CPU
		{3B5FD010-90C8-49FB-96F9-7C161696AA78}.Release|Any CPU.Build.0 = Release|Any CPU
		{52E09107-5BEC-4DAF-AF99-9360FEF307D9}.Debug|Any CPU.ActiveCfg = Debug|Any CPU
		{52E09107-5BEC-4DAF-AF99-9360FEF307D9}.Debug|Any CPU.Build.0 = Debug|Any CPU
		{52E09107-5BEC-4DAF-AF99-9360FEF307D9}.Release|Any CPU.ActiveCfg = Release|Any CPU
		{52E09107-5BEC-4DAF-AF99-9360FEF307D9}.Release|Any CPU.Build.0 = Release|Any CPU
	EndGlobalSection
	GlobalSection(SolutionProperties) = preSolution
		HideSolutionNode = FALSE
	EndGlobalSection
	GlobalSection(ExtensibilityGlobals) = postSolution
		SolutionGuid = {AEF74B3A-7D1E-49AB-A1DC-36B6A78D7717}
	EndGlobalSection
EndGlobal
